
Microsoft Visual Studio Solution File, Format Version 12.00
# Visual Studio Version 17
VisualStudioVersion = 17.3.32804.467
MinimumVisualStudioVersion = 10.0.40219.1
Project("{9A19103F-16F7-4668-BE54-9A1E7A4F7556}") = "CellularAutomationRule8bit", "CellularAutomationRule\CellularAutomationRule8bit.csproj", "{9181A0C3-0607-40E6-B91C-09A3614174DB}"
EndProject
Project("{9A19103F-16F7-4668-BE54-9A1E7A4F7556}") = "PascalTriangleGenerator", "PascalTriangleGenerator\PascalTriangleGenerator.csproj", "{C37AB4B4-9CD0-4F65-9E62-265315F4B18A}"
EndProject
Project("{9A19103F-16F7-4668-BE54-9A1E7A4F7556}") = "Hangman", "Hangman\Hangman.csproj", "{3993EF75-1E49-41CD-BB26-0ED5046D4959}"
EndProject
Project("{9A19103F-16F7-4668-BE54-9A1E7A4F7556}") = "CellularAutomationRuleGeneralized", "CellularAutomationRuleGeneralized\CellularAutomationRuleGeneralized.csproj", "{BF308CF7-389E-4B19-BD8A-EDA89D1A9F7B}"
EndProject
Project("{9A19103F-16F7-4668-BE54-9A1E7A4F7556}") = "DataStructures", "HashTableImpl\DataStructures.csproj", "{6C71DA07-C833-48D0-A551-C453CD4E63A1}"
EndProject
Project("{9A19103F-16F7-4668-BE54-9A1E7A4F7556}") = "CardGames", "CardGames\CardGames.csproj", "{9B484387-4A94-4B37-8A50-E50B4F6D9D7B}"
EndProject
Project("{9A19103F-16F7-4668-BE54-9A1E7A4F7556}") = "ConsoleSnakeGame", "ConsoleSnakeGame\ConsoleSnakeGame.csproj", "{F07449AE-F630-4818-B1C9-9A0F266F23CB}"
EndProject
Project("{9A19103F-16F7-4668-BE54-9A1E7A4F7556}") = "ImageToASCII", "ImageToASCII\ImageToASCII.csproj", "{1F5F4812-52E8-4C77-BDBE-DCD1057EAE2A}"
EndProject
Project("{9A19103F-16F7-4668-BE54-9A1E7A4F7556}") = "ConwaysGameOfLife", "ConwaysGameOfLife\ConwaysGameOfLife.csproj", "{FFD754ED-FC17-4EB2-996B-2B9CDF388A0F}"
EndProject
Global
	GlobalSection(SolutionConfigurationPlatforms) = preSolution
		Debug|Any CPU = Debug|Any CPU
		Release|Any CPU = Release|Any CPU
	EndGlobalSection
	GlobalSection(ProjectConfigurationPlatforms) = postSolution
		{9181A0C3-0607-40E6-B91C-09A3614174DB}.Debug|Any CPU.ActiveCfg = Debug|Any CPU
		{9181A0C3-0607-40E6-B91C-09A3614174DB}.Debug|Any CPU.Build.0 = Debug|Any CPU
		{9181A0C3-0607-40E6-B91C-09A3614174DB}.Release|Any CPU.ActiveCfg = Release|Any CPU
		{9181A0C3-0607-40E6-B91C-09A3614174DB}.Release|Any CPU.Build.0 = Release|Any CPU
		{C37AB4B4-9CD0-4F65-9E62-265315F4B18A}.Debug|Any CPU.ActiveCfg = Debug|Any CPU
		{C37AB4B4-9CD0-4F65-9E62-265315F4B18A}.Debug|Any CPU.Build.0 = Debug|Any CPU
		{C37AB4B4-9CD0-4F65-9E62-265315F4B18A}.Release|Any CPU.ActiveCfg = Release|Any CPU
		{C37AB4B4-9CD0-4F65-9E62-265315F4B18A}.Release|Any CPU.Build.0 = Release|Any CPU
		{3993EF75-1E49-41CD-BB26-0ED5046D4959}.Debug|Any CPU.ActiveCfg = Debug|Any CPU
		{3993EF75-1E49-41CD-BB26-0ED5046D4959}.Debug|Any CPU.Build.0 = Debug|Any CPU
		{3993EF75-1E49-41CD-BB26-0ED5046D4959}.Release|Any CPU.ActiveCfg = Release|Any CPU
		{3993EF75-1E49-41CD-BB26-0ED5046D4959}.Release|Any CPU.Build.0 = Release|Any CPU
		{BF308CF7-389E-4B19-BD8A-EDA89D1A9F7B}.Debug|Any CPU.ActiveCfg = Debug|Any CPU
		{BF308CF7-389E-4B19-BD8A-EDA89D1A9F7B}.Debug|Any CPU.Build.0 = Debug|Any CPU
		{BF308CF7-389E-4B19-BD8A-EDA89D1A9F7B}.Release|Any CPU.ActiveCfg = Release|Any CPU
		{BF308CF7-389E-4B19-BD8A-EDA89D1A9F7B}.Release|Any CPU.Build.0 = Release|Any CPU
		{6C71DA07-C833-48D0-A551-C453CD4E63A1}.Debug|Any CPU.ActiveCfg = Debug|Any CPU
		{6C71DA07-C833-48D0-A551-C453CD4E63A1}.Debug|Any CPU.Build.0 = Debug|Any CPU
		{6C71DA07-C833-48D0-A551-C453CD4E63A1}.Release|Any CPU.ActiveCfg = Release|Any CPU
		{6C71DA07-C833-48D0-A551-C453CD4E63A1}.Release|Any CPU.Build.0 = Release|Any CPU
		{9B484387-4A94-4B37-8A50-E50B4F6D9D7B}.Debug|Any CPU.ActiveCfg = Debug|Any CPU
		{9B484387-4A94-4B37-8A50-E50B4F6D9D7B}.Debug|Any CPU.Build.0 = Debug|Any CPU
		{9B484387-4A94-4B37-8A50-E50B4F6D9D7B}.Release|Any CPU.ActiveCfg = Release|Any CPU
		{9B484387-4A94-4B37-8A50-E50B4F6D9D7B}.Release|Any CPU.Build.0 = Release|Any CPU
		{F07449AE-F630-4818-B1C9-9A0F266F23CB}.Debug|Any CPU.ActiveCfg = Debug|Any CPU
		{F07449AE-F630-4818-B1C9-9A0F266F23CB}.Debug|Any CPU.Build.0 = Debug|Any CPU
		{F07449AE-F630-4818-B1C9-9A0F266F23CB}.Release|Any CPU.ActiveCfg = Release|Any CPU
		{F07449AE-F630-4818-B1C9-9A0F266F23CB}.Release|Any CPU.Build.0 = Release|Any CPU
		{1F5F4812-52E8-4C77-BDBE-DCD1057EAE2A}.Debug|Any CPU.ActiveCfg = Debug|Any CPU
		{1F5F4812-52E8-4C77-BDBE-DCD1057EAE2A}.Debug|Any CPU.Build.0 = Debug|Any CPU
		{1F5F4812-52E8-4C77-BDBE-DCD1057EAE2A}.Release|Any CPU.ActiveCfg = Release|Any CPU
		{1F5F4812-52E8-4C77-BDBE-DCD1057EAE2A}.Release|Any CPU.Build.0 = Release|Any CPU
		{FFD754ED-FC17-4EB2-996B-2B9CDF388A0F}.Debug|Any CPU.ActiveCfg = Debug|Any CPU
		{FFD754ED-FC17-4EB2-996B-2B9CDF388A0F}.Debug|Any CPU.Build.0 = Debug|Any CPU
		{FFD754ED-FC17-4EB2-996B-2B9CDF388A0F}.Release|Any CPU.ActiveCfg = Release|Any CPU
		{FFD754ED-FC17-4EB2-996B-2B9CDF388A0F}.Release|Any CPU.Build.0 = Release|Any CPU
	EndGlobalSection
	GlobalSection(SolutionProperties) = preSolution
		HideSolutionNode = FALSE
	EndGlobalSection
	GlobalSection(ExtensibilityGlobals) = postSolution
		SolutionGuid = {16C333E9-6209-43DF-8F53-6B778D960AD2}
	EndGlobalSection
EndGlobal
