
Microsoft Visual Studio Solution File, Format Version 12.00
# Visual Studio Version 16
VisualStudioVersion = 16.0.31613.86
MinimumVisualStudioVersion = 10.0.40219.1
Project("{9A19103F-16F7-4668-BE54-9A1E7A4F7556}") = "CellularAutomationRule8bit", "CellularAutomationRule\CellularAutomationRule8bit.csproj", "{9181A0C3-0607-40E6-B91C-09A3614174DB}"
EndProject
Project("{9A19103F-16F7-4668-BE54-9A1E7A4F7556}") = "PascalTriangleGenerator", "PascalTriangleGenerator\PascalTriangleGenerator.csproj", "{C37AB4B4-9CD0-4F65-9E62-265315F4B18A}"
EndProject
Project("{9A19103F-16F7-4668-BE54-9A1E7A4F7556}") = "Hangman", "Hangman\Hangman.csproj", "{3993EF75-1E49-41CD-BB26-0ED5046D4959}"
EndProject
Project("{9A19103F-16F7-4668-BE54-9A1E7A4F7556}") = "CellularAutomationRuleGeneralized", "CellularAutomationRuleGeneralized\CellularAutomationRuleGeneralized.csproj", "{BF308CF7-389E-4B19-BD8A-EDA89D1A9F7B}"
EndProject
Global
	GlobalSection(SolutionConfigurationPlatforms) = preSolution
		Debug|Any CPU = Debug|Any CPU
		Release|Any CPU = Release|Any CPU
	EndGlobalSection
	GlobalSection(ProjectConfigurationPlatforms) = postSolution
		{9181A0C3-0607-40E6-B91C-09A3614174DB}.Debug|Any CPU.ActiveCfg = Debug|Any CPU
		{9181A0C3-0607-40E6-B91C-09A3614174DB}.Debug|Any CPU.Build.0 = Debug|Any CPU
		{9181A0C3-0607-40E6-B91C-09A3614174DB}.Release|Any CPU.ActiveCfg = Release|Any CPU
		{9181A0C3-0607-40E6-B91C-09A3614174DB}.Release|Any CPU.Build.0 = Release|Any CPU
		{C37AB4B4-9CD0-4F65-9E62-265315F4B18A}.Debug|Any CPU.ActiveCfg = Debug|Any CPU
		{C37AB4B4-9CD0-4F65-9E62-265315F4B18A}.Debug|Any CPU.Build.0 = Debug|Any CPU
		{C37AB4B4-9CD0-4F65-9E62-265315F4B18A}.Release|Any CPU.ActiveCfg = Release|Any CPU
		{C37AB4B4-9CD0-4F65-9E62-265315F4B18A}.Release|Any CPU.Build.0 = Release|Any CPU
		{3993EF75-1E49-41CD-BB26-0ED5046D4959}.Debug|Any CPU.ActiveCfg = Debug|Any CPU
		{3993EF75-1E49-41CD-BB26-0ED5046D4959}.Debug|Any CPU.Build.0 = Debug|Any CPU
		{3993EF75-1E49-41CD-BB26-0ED5046D4959}.Release|Any CPU.ActiveCfg = Release|Any CPU
		{3993EF75-1E49-41CD-BB26-0ED5046D4959}.Release|Any CPU.Build.0 = Release|Any CPU
		{BF308CF7-389E-4B19-BD8A-EDA89D1A9F7B}.Debug|Any CPU.ActiveCfg = Debug|Any CPU
		{BF308CF7-389E-4B19-BD8A-EDA89D1A9F7B}.Debug|Any CPU.Build.0 = Debug|Any CPU
		{BF308CF7-389E-4B19-BD8A-EDA89D1A9F7B}.Release|Any CPU.ActiveCfg = Release|Any CPU
		{BF308CF7-389E-4B19-BD8A-EDA89D1A9F7B}.Release|Any CPU.Build.0 = Release|Any CPU
	EndGlobalSection
	GlobalSection(SolutionProperties) = preSolution
		HideSolutionNode = FALSE
	EndGlobalSection
	GlobalSection(ExtensibilityGlobals) = postSolution
		SolutionGuid = {16C333E9-6209-43DF-8F53-6B778D960AD2}
	EndGlobalSection
EndGlobal
